Microsoft Visual Studio Solution File, Format Version 12.00
#
Project("{FAE04EC0-301F-11D3-BF4B-00C04F79EFBC}") = "SocializedCoin.Api", "SocializedCoin.Api\SocializedCoin.Api.csproj", "{CC1FE6E0-06DA-4FFF-85BD-750B3E223B6D}"
EndProject
Project("{FAE04EC0-301F-11D3-BF4B-00C04F79EFBC}") = "SocializedCoin.Schedule", "SocializedCoin.Schedule\SocializedCoin.Schedule.csproj", "{DBD67B69-4F06-481F-8535-44DE14102090}"
EndProject
Project("{FAE04EC0-301F-11D3-BF4B-00C04F79EFBC}") = "SocializedCoin.Core", "SocializedCoin.Core\SocializedCoin.Core.csproj", "{D367575D-D1AD-4622-9005-90A2A263A644}"
EndProject
Project("{FAE04EC0-301F-11D3-BF4B-00C04F79EFBC}") = "SocializedCoin.Infrastructure", "SocializedCoin.Infrastructure\SocializedCoin.Infrastructure.csproj", "{FE1177A8-03B8-4D75-96A4-75A78993B895}"
EndProject
Global
	GlobalSection(SolutionConfigurationPlatforms) = preSolution
		Debug|Any CPU = Debug|Any CPU
		Release|Any CPU = Release|Any CPU
	EndGlobalSection
	GlobalSection(ProjectConfigurationPlatforms) = postSolution
		{AB4B0FD2-82C0-4508-ACDB-8BB36B74A28B}.Debug|Any CPU.ActiveCfg = Debug|Any CPU
		{AB4B0FD2-82C0-4508-ACDB-8BB36B74A28B}.Debug|Any CPU.Build.0 = Debug|Any CPU
		{AB4B0FD2-82C0-4508-ACDB-8BB36B74A28B}.Release|Any CPU.ActiveCfg = Release|Any CPU
		{AB4B0FD2-82C0-4508-ACDB-8BB36B74A28B}.Release|Any CPU.Build.0 = Release|Any CPU
		{CC1FE6E0-06DA-4FFF-85BD-750B3E223B6D}.Debug|Any CPU.ActiveCfg = Debug|Any CPU
		{CC1FE6E0-06DA-4FFF-85BD-750B3E223B6D}.Debug|Any CPU.Build.0 = Debug|Any CPU
		{CC1FE6E0-06DA-4FFF-85BD-750B3E223B6D}.Release|Any CPU.ActiveCfg = Release|Any CPU
		{CC1FE6E0-06DA-4FFF-85BD-750B3E223B6D}.Release|Any CPU.Build.0 = Release|Any CPU
		{DBD67B69-4F06-481F-8535-44DE14102090}.Debug|Any CPU.ActiveCfg = Debug|Any CPU
		{DBD67B69-4F06-481F-8535-44DE14102090}.Debug|Any CPU.Build.0 = Debug|Any CPU
		{DBD67B69-4F06-481F-8535-44DE14102090}.Release|Any CPU.ActiveCfg = Release|Any CPU
		{DBD67B69-4F06-481F-8535-44DE14102090}.Release|Any CPU.Build.0 = Release|Any CPU
		{D367575D-D1AD-4622-9005-90A2A263A644}.Debug|Any CPU.ActiveCfg = Debug|Any CPU
		{D367575D-D1AD-4622-9005-90A2A263A644}.Debug|Any CPU.Build.0 = Debug|Any CPU
		{D367575D-D1AD-4622-9005-90A2A263A644}.Release|Any CPU.ActiveCfg = Release|Any CPU
		{D367575D-D1AD-4622-9005-90A2A263A644}.Release|Any CPU.Build.0 = Release|Any CPU
		{FE1177A8-03B8-4D75-96A4-75A78993B895}.Debug|Any CPU.ActiveCfg = Debug|Any CPU
		{FE1177A8-03B8-4D75-96A4-75A78993B895}.Debug|Any CPU.Build.0 = Debug|Any CPU
		{FE1177A8-03B8-4D75-96A4-75A78993B895}.Release|Any CPU.ActiveCfg = Release|Any CPU
		{FE1177A8-03B8-4D75-96A4-75A78993B895}.Release|Any CPU.Build.0 = Release|Any CPU
	EndGlobalSection
EndGlobal
